
Microsoft Visual Studio Solution File, Format Version 12.00
# Visual Studio 14
VisualStudioVersion = 14.0.25123.0
MinimumVisualStudioVersion = 10.0.40219.1
Project("{FAE04EC0-301F-11D3-BF4B-00C04F79EFBC}") = "EmBase.DataAccess", "EmBase.DataAccess\EmBase.DataAccess.csproj", "{988D5DF7-0F25-4970-862D-40FF82CBE516}"
EndProject
Project("{FAE04EC0-301F-11D3-BF4B-00C04F79EFBC}") = "EmBase.Web", "EmBase.Web\EmBase.Web.csproj", "{C99A15C0-1170-403E-A126-883EF89ACCEA}"
EndProject
Global
	GlobalSection(SolutionConfigurationPlatforms) = preSolution
		Debug|Any CPU = Debug|Any CPU
		Release|Any CPU = Release|Any CPU
	EndGlobalSection
	GlobalSection(ProjectConfigurationPlatforms) = postSolution
		{988D5DF7-0F25-4970-862D-40FF82CBE516}.Debug|Any CPU.ActiveCfg = Debug|Any CPU
		{988D5DF7-0F25-4970-862D-40FF82CBE516}.Debug|Any CPU.Build.0 = Debug|Any CPU
		{988D5DF7-0F25-4970-862D-40FF82CBE516}.Release|Any CPU.ActiveCfg = Release|Any CPU
		{988D5DF7-0F25-4970-862D-40FF82CBE516}.Release|Any CPU.Build.0 = Release|Any CPU
		{C99A15C0-1170-403E-A126-883EF89ACCEA}.Debug|Any CPU.ActiveCfg = Debug|Any CPU
		{C99A15C0-1170-403E-A126-883EF89ACCEA}.Debug|Any CPU.Build.0 = Debug|Any CPU
		{C99A15C0-1170-403E-A126-883EF89ACCEA}.Release|Any CPU.ActiveCfg = Release|Any CPU
		{C99A15C0-1170-403E-A126-883EF89ACCEA}.Release|Any CPU.Build.0 = Release|Any CPU
	EndGlobalSection
	GlobalSection(SolutionProperties) = preSolution
		HideSolutionNode = FALSE
	EndGlobalSection
EndGlobal
